
Microsoft Visual Studio Solution File, Format Version 12.00
# Visual Studio 15
VisualStudioVersion = 15.0.28010.2016
MinimumVisualStudioVersion = 10.0.40219.1
Project("{FAE04EC0-301F-11D3-BF4B-00C04F79EFBC}") = "Hesapmakinesi", "Hesapmakinesi\Hesapmakinesi.csproj", "{9FA07E80-5229-4DD0-9645-7C6FC367451A}"
EndProject
Global
	GlobalSection(SolutionConfigurationPlatforms) = preSolution
		Debug|Any CPU = Debug|Any CPU
		Release|Any CPU = Release|Any CPU
	EndGlobalSection
	GlobalSection(ProjectConfigurationPlatforms) = postSolution
		{9FA07E80-5229-4DD0-9645-7C6FC367451A}.Debug|Any CPU.ActiveCfg = Debug|Any CPU
		{9FA07E80-5229-4DD0-9645-7C6FC367451A}.Debug|Any CPU.Build.0 = Debug|Any CPU
		{9FA07E80-5229-4DD0-9645-7C6FC367451A}.Release|Any CPU.ActiveCfg = Release|Any CPU
		{9FA07E80-5229-4DD0-9645-7C6FC367451A}.Release|Any CPU.Build.0 = Release|Any CPU
	EndGlobalSection
	GlobalSection(SolutionProperties) = preSolution
		HideSolutionNode = FALSE
	EndGlobalSection
	GlobalSection(ExtensibilityGlobals) = postSolution
		SolutionGuid = {09A0DA1F-DCB4-4772-AF4E-470469A38F8F}
	EndGlobalSection
EndGlobal
